
Microsoft Visual Studio Solution File, Format Version 12.00
# Visual Studio 15
VisualStudioVersion = 15.0.27428.2027
MinimumVisualStudioVersion = 10.0.40219.1
Project("{FAE04EC0-301F-11D3-BF4B-00C04F79EFBC}") = "SigamDetec", "SigamDetec.csproj", "{7DA42949-4A87-47EF-874B-2669949C110B}"
EndProject
Global
	GlobalSection(SolutionConfigurationPlatforms) = preSolution
		Debug|Any CPU = Debug|Any CPU
		Release|Any CPU = Release|Any CPU
	EndGlobalSection
	GlobalSection(ProjectConfigurationPlatforms) = postSolution
		{7DA42949-4A87-47EF-874B-2669949C110B}.Debug|Any CPU.ActiveCfg = Debug|Any CPU
		{7DA42949-4A87-47EF-874B-2669949C110B}.Debug|Any CPU.Build.0 = Debug|Any CPU
		{7DA42949-4A87-47EF-874B-2669949C110B}.Release|Any CPU.ActiveCfg = Release|Any CPU
		{7DA42949-4A87-47EF-874B-2669949C110B}.Release|Any CPU.Build.0 = Release|Any CPU
	EndGlobalSection
	GlobalSection(SolutionProperties) = preSolution
		HideSolutionNode = FALSE
	EndGlobalSection
	GlobalSection(ExtensibilityGlobals) = postSolution
		SolutionGuid = {933CC3F9-7D8C-4B91-A700-2C627ABE0191}
	EndGlobalSection
EndGlobal
